{
  "version": 4,
  "terraform_version": "1.0.8",
  "serial": 2,
  "lineage": "94ef2fca-4b78-32fa-99b0-99559d09b8a0",
  "outputs": {},
  "resources": [
    {
      "mode": "managed",
      "type": "aws_vpc",
      "name": "myvpc",
      "provider": "provider[\"registry.terraform.io/hashicorp/aws\"]",
      "instances": [
        {
          "schema_version": 1,
          "attributes": {
            "arn": "arn:aws:ec2:us-east-1:697054457294:vpc/vpc-09ed38f08bad96caf",
            "assign_generated_ipv6_cidr_block": false,
            "cidr_block": "10.0.0.0/16",
            "default_network_acl_id": "acl-0f1ab8edf38b6baa5",
            "default_route_table_id": "rtb-07c23e444a318d405",
            "default_security_group_id": "sg-0736ff044f4fc263b",
            "dhcp_options_id": "dopt-08c21d4d890eca97a",
            "enable_classiclink": false,
            "enable_classiclink_dns_support": false,
            "enable_dns_hostnames": false,
            "enable_dns_support": true,
            "id": "vpc-09ed38f08bad96caf",
            "instance_tenancy": "default",
            "ipv6_association_id": "",
            "ipv6_cidr_block": "",
            "main_route_table_id": "rtb-07c23e444a318d405",
            "owner_id": "697054457294",
            "tags": {},
            "tags_all": {}
          },
          "sensitive_attributes": [],
          "private": "eyJzY2hlbWFfdmVyc2lvbiI6IjEifQ=="
        }
      ]
    }
  ]
}
